
Microsoft Visual Studio Solution File, Format Version 12.00
# Visual Studio Version 17
VisualStudioVersion = 17.9.34607.119
MinimumVisualStudioVersion = 10.0.40219.1
Project("{FAE04EC0-301F-11D3-BF4B-00C04F79EFBC}") = "Travel_Info", "Travel_Info\Travel_Info.csproj", "{F2C14574-B98A-4A74-9A48-A00CCE6275BE}"
EndProject
Project("{FAE04EC0-301F-11D3-BF4B-00C04F79EFBC}") = "Travel_Info.Web.ViewModels", "Travel_Info.Web.ViewModels\Travel_Info.Web.ViewModels.csproj", "{51432B40-9FC5-4BFC-A382-6E764E955770}"
EndProject
Global
	GlobalSection(SolutionConfigurationPlatforms) = preSolution
		Debug|Any CPU = Debug|Any CPU
		Release|Any CPU = Release|Any CPU
	EndGlobalSection
	GlobalSection(ProjectConfigurationPlatforms) = postSolution
		{F2C14574-B98A-4A74-9A48-A00CCE6275BE}.Debug|Any CPU.ActiveCfg = Debug|Any CPU
		{F2C14574-B98A-4A74-9A48-A00CCE6275BE}.Debug|Any CPU.Build.0 = Debug|Any CPU
		{F2C14574-B98A-4A74-9A48-A00CCE6275BE}.Release|Any CPU.ActiveCfg = Release|Any CPU
		{F2C14574-B98A-4A74-9A48-A00CCE6275BE}.Release|Any CPU.Build.0 = Release|Any CPU
		{51432B40-9FC5-4BFC-A382-6E764E955770}.Debug|Any CPU.ActiveCfg = Debug|Any CPU
		{51432B40-9FC5-4BFC-A382-6E764E955770}.Debug|Any CPU.Build.0 = Debug|Any CPU
		{51432B40-9FC5-4BFC-A382-6E764E955770}.Release|Any CPU.ActiveCfg = Release|Any CPU
		{51432B40-9FC5-4BFC-A382-6E764E955770}.Release|Any CPU.Build.0 = Release|Any CPU
	EndGlobalSection
	GlobalSection(SolutionProperties) = preSolution
		HideSolutionNode = FALSE
	EndGlobalSection
	GlobalSection(ExtensibilityGlobals) = postSolution
		SolutionGuid = {89491639-B04D-42C7-ACED-3BB6FCFE657A}
	EndGlobalSection
EndGlobal
