
Microsoft Visual Studio Solution File, Format Version 12.00
# Visual Studio Version 17
VisualStudioVersion = 17.9.34607.119
MinimumVisualStudioVersion = 10.0.40219.1
Project("{9A19103F-16F7-4668-BE54-9A1E7A4F7556}") = "Travel_Info", "Travel_Info\Travel_Info.csproj", "{F2C14574-B98A-4A74-9A48-A00CCE6275BE}"
EndProject
Project("{9A19103F-16F7-4668-BE54-9A1E7A4F7556}") = "Travel_Info.Web.ViewModels", "Travel_Info.Web.ViewModels\Travel_Info.Web.ViewModels.csproj", "{51432B40-9FC5-4BFC-A382-6E764E955770}"
EndProject
Project("{FAE04EC0-301F-11D3-BF4B-00C04F79EFBC}") = "Travel_Info.Data", "Travel_Info.Data\Travel_Info.Data.csproj", "{6BFC5FF3-DA43-489E-9C64-8D54300289F5}"
EndProject
Project("{FAE04EC0-301F-11D3-BF4B-00C04F79EFBC}") = "Travel_Info.Data.Models", "Travel_Info.Data.Models\Travel_Info.Data.Models.csproj", "{6691F37C-E893-4417-901D-7DC4F5B981EE}"
EndProject
Project("{FAE04EC0-301F-11D3-BF4B-00C04F79EFBC}") = "Travel_Info.Web.Infrastructure", "Travel_Info.Web.Infrastructure\Travel_Info.Web.Infrastructure.csproj", "{13CB4E4C-33A9-4796-84D1-3D6390DD1043}"
EndProject
Project("{FAE04EC0-301F-11D3-BF4B-00C04F79EFBC}") = "Travel_Info.Common", "Travel_Info.Common\Travel_Info.Common.csproj", "{8793747D-9F86-41E7-9133-8D03ACB8E6BF}"
EndProject
Global
	GlobalSection(SolutionConfigurationPlatforms) = preSolution
		Debug|Any CPU = Debug|Any CPU
		Release|Any CPU = Release|Any CPU
	EndGlobalSection
	GlobalSection(ProjectConfigurationPlatforms) = postSolution
		{F2C14574-B98A-4A74-9A48-A00CCE6275BE}.Debug|Any CPU.ActiveCfg = Debug|Any CPU
		{F2C14574-B98A-4A74-9A48-A00CCE6275BE}.Debug|Any CPU.Build.0 = Debug|Any CPU
		{F2C14574-B98A-4A74-9A48-A00CCE6275BE}.Release|Any CPU.ActiveCfg = Release|Any CPU
		{F2C14574-B98A-4A74-9A48-A00CCE6275BE}.Release|Any CPU.Build.0 = Release|Any CPU
		{51432B40-9FC5-4BFC-A382-6E764E955770}.Debug|Any CPU.ActiveCfg = Debug|Any CPU
		{51432B40-9FC5-4BFC-A382-6E764E955770}.Debug|Any CPU.Build.0 = Debug|Any CPU
		{51432B40-9FC5-4BFC-A382-6E764E955770}.Release|Any CPU.ActiveCfg = Release|Any CPU
		{51432B40-9FC5-4BFC-A382-6E764E955770}.Release|Any CPU.Build.0 = Release|Any CPU
		{6BFC5FF3-DA43-489E-9C64-8D54300289F5}.Debug|Any CPU.ActiveCfg = Debug|Any CPU
		{6BFC5FF3-DA43-489E-9C64-8D54300289F5}.Debug|Any CPU.Build.0 = Debug|Any CPU
		{6BFC5FF3-DA43-489E-9C64-8D54300289F5}.Release|Any CPU.ActiveCfg = Release|Any CPU
		{6BFC5FF3-DA43-489E-9C64-8D54300289F5}.Release|Any CPU.Build.0 = Release|Any CPU
		{6691F37C-E893-4417-901D-7DC4F5B981EE}.Debug|Any CPU.ActiveCfg = Debug|Any CPU
		{6691F37C-E893-4417-901D-7DC4F5B981EE}.Debug|Any CPU.Build.0 = Debug|Any CPU
		{6691F37C-E893-4417-901D-7DC4F5B981EE}.Release|Any CPU.ActiveCfg = Release|Any CPU
		{6691F37C-E893-4417-901D-7DC4F5B981EE}.Release|Any CPU.Build.0 = Release|Any CPU
		{13CB4E4C-33A9-4796-84D1-3D6390DD1043}.Debug|Any CPU.ActiveCfg = Debug|Any CPU
		{13CB4E4C-33A9-4796-84D1-3D6390DD1043}.Debug|Any CPU.Build.0 = Debug|Any CPU
		{13CB4E4C-33A9-4796-84D1-3D6390DD1043}.Release|Any CPU.ActiveCfg = Release|Any CPU
		{13CB4E4C-33A9-4796-84D1-3D6390DD1043}.Release|Any CPU.Build.0 = Release|Any CPU
		{8793747D-9F86-41E7-9133-8D03ACB8E6BF}.Debug|Any CPU.ActiveCfg = Debug|Any CPU
		{8793747D-9F86-41E7-9133-8D03ACB8E6BF}.Debug|Any CPU.Build.0 = Debug|Any CPU
		{8793747D-9F86-41E7-9133-8D03ACB8E6BF}.Release|Any CPU.ActiveCfg = Release|Any CPU
		{8793747D-9F86-41E7-9133-8D03ACB8E6BF}.Release|Any CPU.Build.0 = Release|Any CPU
	EndGlobalSection
	GlobalSection(SolutionProperties) = preSolution
		HideSolutionNode = FALSE
	EndGlobalSection
	GlobalSection(ExtensibilityGlobals) = postSolution
		SolutionGuid = {89491639-B04D-42C7-ACED-3BB6FCFE657A}
	EndGlobalSection
EndGlobal
